%{
  "cowboy": {:hex, :cowboy, "1.0.4", "a324a8df9f2316c833a470d918aaf73ae894278b8aa6226ce7a9bf699388f878", [:make, :rebar], [{:cowlib, "~> 1.0.0", [hex: :cowlib, repo: "hexpm", optional: false]}, {:ranch, "~> 1.0", [hex: :ranch, repo: "hexpm", optional: false]}], "hexpm", "6a0edee96885fae3a8dd0ac1f333538a42e807db638a9453064ccfdaa6b9fdac"},
  "cowlib": {:hex, :cowlib, "1.0.2", "9d769a1d062c9c3ac753096f868ca121e2730b9a377de23dec0f7e08b1df84ee", [:make], [], "hexpm", "db622da03aa039e6366ab953e31186cc8190d32905e33788a1acb22744e6abd2"},
  "gproc": {:hex, :gproc, "0.3.1", "ec14f40cb941bde3f940de59c11e59beb2977e90dbae72fab3ddf77743fd4ea9", [:rebar], [], "hexpm", "3c449925a5cbf57cc40d13c6c282bc1080b5ed3bad97e1acdbe969fd63a65fce"},
  "hackney": {:hex, :hackney, "0.14.3", "fb8c6946bef651c6796f46fbee5d3891581b755baa9d373bc2da97c0ffa56ff1", [:make, :rebar], [{:idna, "1.0.1", [hex: :idna, repo: "hexpm", optional: false]}], "hexpm", "99e0a0e28959c8414817e467ffd9a163c978eecdc52ccabf7dcdc3d9ce333ebb"},
  "httpoison": {:hex, :httpoison, "0.4.3", "6fc5fe17733d296c53db51ad751e1b3d8d1b4cd68b4a1d556fd9a1fecfc7786c", [:mix], [{:hackney, "~> 0.14.1", [hex: :hackney, repo: "hexpm", optional: false]}], "hexpm", "8fa23805333a1ee6bd22aed97feec9fa03d69e2bb447b184bc5fe3514b2eb9f3"},
  "idna": {:hex, :idna, "1.0.1", "bfbf4ae0f4d346d46726d9d3084a84ffaef5fd2a0299090da07dcf65ea2088eb", [:make], [], "hexpm", "54ec1c900e9c5cf51ece5b0e568ade972c492cccb05a6f62eb4b5943c355e37d"},
  "meck": {:hex, :meck, "0.8.2", "f15f7d513e14ec8c8dee9a95d4ae585b3e5a88bf0fa6a7573240d6ddb58a7236", [:make, :rebar], [], "hexpm", "702c9e089e29cf812326104baef4a75ee7c6eee6382a5ecc1af18fe4e43355dc"},
  "mime": {:hex, :mime, "1.5.0", "203ef35ef3389aae6d361918bf3f952fa17a09e8e43b5aa592b93eba05d0fb8d", [:mix], [], "hexpm", "55a94c0f552249fc1a3dd9cd2d3ab9de9d3c89b559c2bd01121f824834f24746"},
  "plug": {:hex, :plug, "1.4.0", "e81227c15eb166d2065efe42c902a16c15258002a709246d5fb2453bfb6c0a7d", [:mix], [{:cowboy, "~> 1.0.1 or ~> 1.1", [hex: :cowboy, repo: "hexpm", optional: true]}, {:mime, "~> 1.0", [hex: :mime, repo: "hexpm", optional: false]}], "hexpm", "ea1de5703e508ee2e213f0f450adc20653166dcf0cc5df6d919af5c986efa645"},
  "ranch": {:hex, :ranch, "1.7.1", "6b1fab51b49196860b733a49c07604465a47bdb78aa10c1c16a3d199f7f8c881", [:rebar3], [], "hexpm", "451d8527787df716d99dc36162fca05934915db0b6141bbdac2ea8d3c7afc7d7"},
}
